
Microsoft Visual Studio Solution File, Format Version 12.00
Project("{FAE04EC0-301F-11D3-BF4B-00C04F79EFBC}") = "customMD", "customMD\customMD.csproj", "{F00C5A6D-2188-48EA-A9D9-479887A26125}"
EndProject
Global
	GlobalSection(SolutionConfigurationPlatforms) = preSolution
		Debug|Any CPU = Debug|Any CPU
		Release|Any CPU = Release|Any CPU
	EndGlobalSection
	GlobalSection(ProjectConfigurationPlatforms) = postSolution
		{F00C5A6D-2188-48EA-A9D9-479887A26125}.Debug|Any CPU.ActiveCfg = Debug|Any CPU
		{F00C5A6D-2188-48EA-A9D9-479887A26125}.Debug|Any CPU.Build.0 = Debug|Any CPU
		{F00C5A6D-2188-48EA-A9D9-479887A26125}.Release|Any CPU.ActiveCfg = Release|Any CPU
		{F00C5A6D-2188-48EA-A9D9-479887A26125}.Release|Any CPU.Build.0 = Release|Any CPU
	EndGlobalSection
EndGlobal
